
Microsoft Visual Studio Solution File, Format Version 10.00
# Visual C# Express 2008
Project("{FAE04EC0-301F-11D3-BF4B-00C04F79EFBC}") = "fbstj", "fbstj\fbstj.csproj", "{D5D7C522-8CE1-4696-AC6D-BF6C26AF9894}"
EndProject
Project("{FAE04EC0-301F-11D3-BF4B-00C04F79EFBC}") = "test", "fbstj.test\test.csproj", "{9AA16652-BC5B-4168-BA8D-18FACB7405D2}"
EndProject
Global
	GlobalSection(SolutionConfigurationPlatforms) = preSolution
		Debug|Any CPU = Debug|Any CPU
		Release|Any CPU = Release|Any CPU
	EndGlobalSection
	GlobalSection(ProjectConfigurationPlatforms) = postSolution
		{D5D7C522-8CE1-4696-AC6D-BF6C26AF9894}.Debug|Any CPU.ActiveCfg = Debug|Any CPU
		{D5D7C522-8CE1-4696-AC6D-BF6C26AF9894}.Debug|Any CPU.Build.0 = Debug|Any CPU
		{D5D7C522-8CE1-4696-AC6D-BF6C26AF9894}.Release|Any CPU.ActiveCfg = Release|Any CPU
		{D5D7C522-8CE1-4696-AC6D-BF6C26AF9894}.Release|Any CPU.Build.0 = Release|Any CPU
		{9AA16652-BC5B-4168-BA8D-18FACB7405D2}.Debug|Any CPU.ActiveCfg = Debug|Any CPU
		{9AA16652-BC5B-4168-BA8D-18FACB7405D2}.Debug|Any CPU.Build.0 = Debug|Any CPU
		{9AA16652-BC5B-4168-BA8D-18FACB7405D2}.Release|Any CPU.ActiveCfg = Release|Any CPU
		{9AA16652-BC5B-4168-BA8D-18FACB7405D2}.Release|Any CPU.Build.0 = Release|Any CPU
	EndGlobalSection
	GlobalSection(SolutionProperties) = preSolution
		HideSolutionNode = FALSE
	EndGlobalSection
EndGlobal
