
Microsoft Visual Studio Solution File, Format Version 10.00
# Visual C# Express 2008
Project("{FAE04EC0-301F-11D3-BF4B-00C04F79EFBC}") = "test", "Test\test.csproj", "{95D4A938-2FC6-4859-9777-DC955E3A17D6}"
EndProject
Project("{FAE04EC0-301F-11D3-BF4B-00C04F79EFBC}") = "fbstj", "fbstj.csproj", "{7609102C-3EAF-495A-82AF-4F0D3C38FF18}"
EndProject
Global
	GlobalSection(SolutionConfigurationPlatforms) = preSolution
		Debug|Any CPU = Debug|Any CPU
		Release|Any CPU = Release|Any CPU
	EndGlobalSection
	GlobalSection(ProjectConfigurationPlatforms) = postSolution
		{95D4A938-2FC6-4859-9777-DC955E3A17D6}.Debug|Any CPU.ActiveCfg = Debug|Any CPU
		{95D4A938-2FC6-4859-9777-DC955E3A17D6}.Debug|Any CPU.Build.0 = Debug|Any CPU
		{95D4A938-2FC6-4859-9777-DC955E3A17D6}.Release|Any CPU.ActiveCfg = Release|Any CPU
		{95D4A938-2FC6-4859-9777-DC955E3A17D6}.Release|Any CPU.Build.0 = Release|Any CPU
		{7609102C-3EAF-495A-82AF-4F0D3C38FF18}.Debug|Any CPU.ActiveCfg = Debug|Any CPU
		{7609102C-3EAF-495A-82AF-4F0D3C38FF18}.Debug|Any CPU.Build.0 = Debug|Any CPU
		{7609102C-3EAF-495A-82AF-4F0D3C38FF18}.Release|Any CPU.ActiveCfg = Release|Any CPU
		{7609102C-3EAF-495A-82AF-4F0D3C38FF18}.Release|Any CPU.Build.0 = Release|Any CPU
	EndGlobalSection
	GlobalSection(SolutionProperties) = preSolution
		HideSolutionNode = FALSE
	EndGlobalSection
EndGlobal
